
Microsoft Visual Studio Solution File, Format Version 12.00
# Visual Studio Version 16
VisualStudioVersion = 16.0.28809.33
MinimumVisualStudioVersion = 10.0.40219.1
Project("{FAE04EC0-301F-11D3-BF4B-00C04F79EFBC}") = "client-app", "client-app\client-app.csproj", "{BEA7BB0A-B4CE-4E8B-A9FF-9C6FFD41A9DA}"
EndProject
Global
	GlobalSection(SolutionConfigurationPlatforms) = preSolution
		Debug|Any CPU = Debug|Any CPU
		Release|Any CPU = Release|Any CPU
	EndGlobalSection
	GlobalSection(ProjectConfigurationPlatforms) = postSolution
		{BEA7BB0A-B4CE-4E8B-A9FF-9C6FFD41A9DA}.Debug|Any CPU.ActiveCfg = Debug|Any CPU
		{BEA7BB0A-B4CE-4E8B-A9FF-9C6FFD41A9DA}.Debug|Any CPU.Build.0 = Debug|Any CPU
		{BEA7BB0A-B4CE-4E8B-A9FF-9C6FFD41A9DA}.Release|Any CPU.ActiveCfg = Release|Any CPU
		{BEA7BB0A-B4CE-4E8B-A9FF-9C6FFD41A9DA}.Release|Any CPU.Build.0 = Release|Any CPU
	EndGlobalSection
	GlobalSection(SolutionProperties) = preSolution
		HideSolutionNode = FALSE
	EndGlobalSection
	GlobalSection(ExtensibilityGlobals) = postSolution
		SolutionGuid = {F6C66490-49DE-4702-A76F-3F7DD4080E6C}
	EndGlobalSection
EndGlobal
